
Microsoft Visual Studio Solution File, Format Version 12.00
# Visual Studio 14
VisualStudioVersion = 14.0.25420.1
MinimumVisualStudioVersion = 10.0.40219.1
Project("{8BC9CEB8-8B4A-11D0-8D11-00A0C91BC942}") = "IsapiExtDll", "IsapiExtDll\IsapiExtDll.vcxproj", "{26FB24ED-A8F6-4A93-9C5B-9A98D389BF3B}"
EndProject
Project("{FAE04EC0-301F-11D3-BF4B-00C04F79EFBC}") = "Uplift.Build.Tasks", "Uplift.Build.Tasks\Uplift.Build.Tasks.csproj", "{3C493FDA-B413-4F67-861D-5FF09BC6F6EA}"
EndProject
Project("{FAE04EC0-301F-11D3-BF4B-00C04F79EFBC}") = "HppParser", "HppParser\HppParser.csproj", "{4D86FCE6-40E7-4D4A-B11F-DB6948C5E051}"
EndProject
Project("{FAE04EC0-301F-11D3-BF4B-00C04F79EFBC}") = "HppParserTester", "HppParserTester\HppParserTester.csproj", "{0AFE9E0A-013D-413B-A8BD-752173A95CC1}"
EndProject
Global
	GlobalSection(SolutionConfigurationPlatforms) = preSolution
		Debug|Any CPU = Debug|Any CPU
		Debug|Mixed Platforms = Debug|Mixed Platforms
		Debug|Win32 = Debug|Win32
		Release|Any CPU = Release|Any CPU
		Release|Mixed Platforms = Release|Mixed Platforms
		Release|Win32 = Release|Win32
	EndGlobalSection
	GlobalSection(ProjectConfigurationPlatforms) = postSolution
		{26FB24ED-A8F6-4A93-9C5B-9A98D389BF3B}.Debug|Any CPU.ActiveCfg = Debug|Win32
		{26FB24ED-A8F6-4A93-9C5B-9A98D389BF3B}.Debug|Mixed Platforms.ActiveCfg = Debug|Win32
		{26FB24ED-A8F6-4A93-9C5B-9A98D389BF3B}.Debug|Mixed Platforms.Build.0 = Debug|Win32
		{26FB24ED-A8F6-4A93-9C5B-9A98D389BF3B}.Debug|Win32.ActiveCfg = Debug|Win32
		{26FB24ED-A8F6-4A93-9C5B-9A98D389BF3B}.Debug|Win32.Build.0 = Debug|Win32
		{26FB24ED-A8F6-4A93-9C5B-9A98D389BF3B}.Release|Any CPU.ActiveCfg = Release|Win32
		{26FB24ED-A8F6-4A93-9C5B-9A98D389BF3B}.Release|Mixed Platforms.ActiveCfg = Release|Win32
		{26FB24ED-A8F6-4A93-9C5B-9A98D389BF3B}.Release|Mixed Platforms.Build.0 = Release|Win32
		{26FB24ED-A8F6-4A93-9C5B-9A98D389BF3B}.Release|Win32.ActiveCfg = Release|Win32
		{26FB24ED-A8F6-4A93-9C5B-9A98D389BF3B}.Release|Win32.Build.0 = Release|Win32
		{3C493FDA-B413-4F67-861D-5FF09BC6F6EA}.Debug|Any CPU.ActiveCfg = Debug|Any CPU
		{3C493FDA-B413-4F67-861D-5FF09BC6F6EA}.Debug|Any CPU.Build.0 = Debug|Any CPU
		{3C493FDA-B413-4F67-861D-5FF09BC6F6EA}.Debug|Mixed Platforms.ActiveCfg = Debug|Any CPU
		{3C493FDA-B413-4F67-861D-5FF09BC6F6EA}.Debug|Mixed Platforms.Build.0 = Debug|Any CPU
		{3C493FDA-B413-4F67-861D-5FF09BC6F6EA}.Debug|Win32.ActiveCfg = Debug|Any CPU
		{3C493FDA-B413-4F67-861D-5FF09BC6F6EA}.Release|Any CPU.ActiveCfg = Release|Any CPU
		{3C493FDA-B413-4F67-861D-5FF09BC6F6EA}.Release|Any CPU.Build.0 = Release|Any CPU
		{3C493FDA-B413-4F67-861D-5FF09BC6F6EA}.Release|Mixed Platforms.ActiveCfg = Release|Any CPU
		{3C493FDA-B413-4F67-861D-5FF09BC6F6EA}.Release|Mixed Platforms.Build.0 = Release|Any CPU
		{3C493FDA-B413-4F67-861D-5FF09BC6F6EA}.Release|Win32.ActiveCfg = Release|Any CPU
		{4D86FCE6-40E7-4D4A-B11F-DB6948C5E051}.Debug|Any CPU.ActiveCfg = Debug|Any CPU
		{4D86FCE6-40E7-4D4A-B11F-DB6948C5E051}.Debug|Any CPU.Build.0 = Debug|Any CPU
		{4D86FCE6-40E7-4D4A-B11F-DB6948C5E051}.Debug|Mixed Platforms.ActiveCfg = Debug|Any CPU
		{4D86FCE6-40E7-4D4A-B11F-DB6948C5E051}.Debug|Mixed Platforms.Build.0 = Debug|Any CPU
		{4D86FCE6-40E7-4D4A-B11F-DB6948C5E051}.Debug|Win32.ActiveCfg = Debug|Any CPU
		{4D86FCE6-40E7-4D4A-B11F-DB6948C5E051}.Debug|Win32.Build.0 = Debug|Any CPU
		{4D86FCE6-40E7-4D4A-B11F-DB6948C5E051}.Release|Any CPU.ActiveCfg = Release|Any CPU
		{4D86FCE6-40E7-4D4A-B11F-DB6948C5E051}.Release|Any CPU.Build.0 = Release|Any CPU
		{4D86FCE6-40E7-4D4A-B11F-DB6948C5E051}.Release|Mixed Platforms.ActiveCfg = Release|Any CPU
		{4D86FCE6-40E7-4D4A-B11F-DB6948C5E051}.Release|Mixed Platforms.Build.0 = Release|Any CPU
		{4D86FCE6-40E7-4D4A-B11F-DB6948C5E051}.Release|Win32.ActiveCfg = Release|Any CPU
		{4D86FCE6-40E7-4D4A-B11F-DB6948C5E051}.Release|Win32.Build.0 = Release|Any CPU
		{0AFE9E0A-013D-413B-A8BD-752173A95CC1}.Debug|Any CPU.ActiveCfg = Debug|Any CPU
		{0AFE9E0A-013D-413B-A8BD-752173A95CC1}.Debug|Any CPU.Build.0 = Debug|Any CPU
		{0AFE9E0A-013D-413B-A8BD-752173A95CC1}.Debug|Mixed Platforms.ActiveCfg = Debug|Any CPU
		{0AFE9E0A-013D-413B-A8BD-752173A95CC1}.Debug|Mixed Platforms.Build.0 = Debug|Any CPU
		{0AFE9E0A-013D-413B-A8BD-752173A95CC1}.Debug|Win32.ActiveCfg = Debug|Any CPU
		{0AFE9E0A-013D-413B-A8BD-752173A95CC1}.Debug|Win32.Build.0 = Debug|Any CPU
		{0AFE9E0A-013D-413B-A8BD-752173A95CC1}.Release|Any CPU.ActiveCfg = Release|Any CPU
		{0AFE9E0A-013D-413B-A8BD-752173A95CC1}.Release|Any CPU.Build.0 = Release|Any CPU
		{0AFE9E0A-013D-413B-A8BD-752173A95CC1}.Release|Mixed Platforms.ActiveCfg = Release|Any CPU
		{0AFE9E0A-013D-413B-A8BD-752173A95CC1}.Release|Mixed Platforms.Build.0 = Release|Any CPU
		{0AFE9E0A-013D-413B-A8BD-752173A95CC1}.Release|Win32.ActiveCfg = Release|Any CPU
		{0AFE9E0A-013D-413B-A8BD-752173A95CC1}.Release|Win32.Build.0 = Release|Any CPU
	EndGlobalSection
	GlobalSection(SolutionProperties) = preSolution
		HideSolutionNode = FALSE
	EndGlobalSection
EndGlobal
